
Microsoft Visual Studio Solution File, Format Version 12.00
# Visual Studio Version 16
VisualStudioVersion = 16.0.30204.135
MinimumVisualStudioVersion = 10.0.40219.1
Project("{FAE04EC0-301F-11D3-BF4B-00C04F79EFBC}") = "GSBCR.modele", "GSBCR.modele\GSBCR.modele.csproj", "{95624584-F3EB-4F94-826D-626E013631A8}"
EndProject
Project("{FAE04EC0-301F-11D3-BF4B-00C04F79EFBC}") = "GSBCR.DAL", "GSBCR.DAL\GSBCR.DAL.csproj", "{065145A2-F3EC-4EDC-B31F-758C137A92E8}"
EndProject
Project("{FAE04EC0-301F-11D3-BF4B-00C04F79EFBC}") = "GSBCR.BLL", "GSBCR.BLL\GSBCR.BLL.csproj", "{87304D8D-BE1E-436A-9223-6D9F51178F9F}"
EndProject
Project("{FAE04EC0-301F-11D3-BF4B-00C04F79EFBC}") = "UnitTestGSCR.BLL", "UnitTestGSCR.BLL\UnitTestGSCR.BLL.csproj", "{EF406E5D-6E79-4B0E-A199-BA7D0D34D252}"
EndProject
Project("{FAE04EC0-301F-11D3-BF4B-00C04F79EFBC}") = "GSBCR.UC", "GSBCR.UC\GSBCR.UC.csproj", "{50EEB1A6-E743-490B-AEC4-BF510940C7D9}"
EndProject
Project("{FAE04EC0-301F-11D3-BF4B-00C04F79EFBC}") = "GSBCR.UCTEST", "GSBCR.UCTEST\GSBCR.UCTEST.csproj", "{B73B48B0-30A8-4767-B05F-C5048223362C}"
EndProject
Project("{FAE04EC0-301F-11D3-BF4B-00C04F79EFBC}") = "GSBCR.UI", "GSBCR.UI\GSBCR.UI.csproj", "{067A2D92-A65F-4994-BDC5-A3406A6C53D7}"
EndProject
Global
	GlobalSection(SolutionConfigurationPlatforms) = preSolution
		Debug|Any CPU = Debug|Any CPU
		Debug|x86 = Debug|x86
		Release|Any CPU = Release|Any CPU
		Release|x86 = Release|x86
	EndGlobalSection
	GlobalSection(ProjectConfigurationPlatforms) = postSolution
		{95624584-F3EB-4F94-826D-626E013631A8}.Debug|Any CPU.ActiveCfg = Debug|Any CPU
		{95624584-F3EB-4F94-826D-626E013631A8}.Debug|Any CPU.Build.0 = Debug|Any CPU
		{95624584-F3EB-4F94-826D-626E013631A8}.Debug|x86.ActiveCfg = Debug|Any CPU
		{95624584-F3EB-4F94-826D-626E013631A8}.Debug|x86.Build.0 = Debug|Any CPU
		{95624584-F3EB-4F94-826D-626E013631A8}.Release|Any CPU.ActiveCfg = Release|Any CPU
		{95624584-F3EB-4F94-826D-626E013631A8}.Release|Any CPU.Build.0 = Release|Any CPU
		{95624584-F3EB-4F94-826D-626E013631A8}.Release|x86.ActiveCfg = Release|Any CPU
		{95624584-F3EB-4F94-826D-626E013631A8}.Release|x86.Build.0 = Release|Any CPU
		{065145A2-F3EC-4EDC-B31F-758C137A92E8}.Debug|Any CPU.ActiveCfg = Debug|Any CPU
		{065145A2-F3EC-4EDC-B31F-758C137A92E8}.Debug|Any CPU.Build.0 = Debug|Any CPU
		{065145A2-F3EC-4EDC-B31F-758C137A92E8}.Debug|x86.ActiveCfg = Debug|Any CPU
		{065145A2-F3EC-4EDC-B31F-758C137A92E8}.Debug|x86.Build.0 = Debug|Any CPU
		{065145A2-F3EC-4EDC-B31F-758C137A92E8}.Release|Any CPU.ActiveCfg = Release|Any CPU
		{065145A2-F3EC-4EDC-B31F-758C137A92E8}.Release|Any CPU.Build.0 = Release|Any CPU
		{065145A2-F3EC-4EDC-B31F-758C137A92E8}.Release|x86.ActiveCfg = Release|Any CPU
		{065145A2-F3EC-4EDC-B31F-758C137A92E8}.Release|x86.Build.0 = Release|Any CPU
		{87304D8D-BE1E-436A-9223-6D9F51178F9F}.Debug|Any CPU.ActiveCfg = Debug|Any CPU
		{87304D8D-BE1E-436A-9223-6D9F51178F9F}.Debug|Any CPU.Build.0 = Debug|Any CPU
		{87304D8D-BE1E-436A-9223-6D9F51178F9F}.Debug|x86.ActiveCfg = Debug|Any CPU
		{87304D8D-BE1E-436A-9223-6D9F51178F9F}.Debug|x86.Build.0 = Debug|Any CPU
		{87304D8D-BE1E-436A-9223-6D9F51178F9F}.Release|Any CPU.ActiveCfg = Release|Any CPU
		{87304D8D-BE1E-436A-9223-6D9F51178F9F}.Release|Any CPU.Build.0 = Release|Any CPU
		{87304D8D-BE1E-436A-9223-6D9F51178F9F}.Release|x86.ActiveCfg = Release|Any CPU
		{87304D8D-BE1E-436A-9223-6D9F51178F9F}.Release|x86.Build.0 = Release|Any CPU
		{EF406E5D-6E79-4B0E-A199-BA7D0D34D252}.Debug|Any CPU.ActiveCfg = Debug|Any CPU
		{EF406E5D-6E79-4B0E-A199-BA7D0D34D252}.Debug|Any CPU.Build.0 = Debug|Any CPU
		{EF406E5D-6E79-4B0E-A199-BA7D0D34D252}.Debug|x86.ActiveCfg = Debug|Any CPU
		{EF406E5D-6E79-4B0E-A199-BA7D0D34D252}.Debug|x86.Build.0 = Debug|Any CPU
		{EF406E5D-6E79-4B0E-A199-BA7D0D34D252}.Release|Any CPU.ActiveCfg = Release|Any CPU
		{EF406E5D-6E79-4B0E-A199-BA7D0D34D252}.Release|Any CPU.Build.0 = Release|Any CPU
		{EF406E5D-6E79-4B0E-A199-BA7D0D34D252}.Release|x86.ActiveCfg = Release|Any CPU
		{EF406E5D-6E79-4B0E-A199-BA7D0D34D252}.Release|x86.Build.0 = Release|Any CPU
		{50EEB1A6-E743-490B-AEC4-BF510940C7D9}.Debug|Any CPU.ActiveCfg = Debug|Any CPU
		{50EEB1A6-E743-490B-AEC4-BF510940C7D9}.Debug|Any CPU.Build.0 = Debug|Any CPU
		{50EEB1A6-E743-490B-AEC4-BF510940C7D9}.Debug|x86.ActiveCfg = Debug|Any CPU
		{50EEB1A6-E743-490B-AEC4-BF510940C7D9}.Debug|x86.Build.0 = Debug|Any CPU
		{50EEB1A6-E743-490B-AEC4-BF510940C7D9}.Release|Any CPU.ActiveCfg = Release|Any CPU
		{50EEB1A6-E743-490B-AEC4-BF510940C7D9}.Release|Any CPU.Build.0 = Release|Any CPU
		{50EEB1A6-E743-490B-AEC4-BF510940C7D9}.Release|x86.ActiveCfg = Release|Any CPU
		{50EEB1A6-E743-490B-AEC4-BF510940C7D9}.Release|x86.Build.0 = Release|Any CPU
		{B73B48B0-30A8-4767-B05F-C5048223362C}.Debug|Any CPU.ActiveCfg = Debug|Any CPU
		{B73B48B0-30A8-4767-B05F-C5048223362C}.Debug|Any CPU.Build.0 = Debug|Any CPU
		{B73B48B0-30A8-4767-B05F-C5048223362C}.Debug|x86.ActiveCfg = Debug|Any CPU
		{B73B48B0-30A8-4767-B05F-C5048223362C}.Debug|x86.Build.0 = Debug|Any CPU
		{B73B48B0-30A8-4767-B05F-C5048223362C}.Release|Any CPU.ActiveCfg = Release|Any CPU
		{B73B48B0-30A8-4767-B05F-C5048223362C}.Release|Any CPU.Build.0 = Release|Any CPU
		{B73B48B0-30A8-4767-B05F-C5048223362C}.Release|x86.ActiveCfg = Release|Any CPU
		{B73B48B0-30A8-4767-B05F-C5048223362C}.Release|x86.Build.0 = Release|Any CPU
		{067A2D92-A65F-4994-BDC5-A3406A6C53D7}.Debug|Any CPU.ActiveCfg = Debug|x86
		{067A2D92-A65F-4994-BDC5-A3406A6C53D7}.Debug|x86.ActiveCfg = Debug|x86
		{067A2D92-A65F-4994-BDC5-A3406A6C53D7}.Debug|x86.Build.0 = Debug|x86
		{067A2D92-A65F-4994-BDC5-A3406A6C53D7}.Release|Any CPU.ActiveCfg = Release|x86
		{067A2D92-A65F-4994-BDC5-A3406A6C53D7}.Release|x86.ActiveCfg = Release|x86
		{067A2D92-A65F-4994-BDC5-A3406A6C53D7}.Release|x86.Build.0 = Release|x86
	EndGlobalSection
	GlobalSection(SolutionProperties) = preSolution
		HideSolutionNode = FALSE
	EndGlobalSection
	GlobalSection(ExtensibilityGlobals) = postSolution
		SolutionGuid = {B4A218C2-F999-4D45-AB99-C1D0D7E3F739}
	EndGlobalSection
EndGlobal
